
Microsoft Visual Studio Solution File, Format Version 12.00
# Visual Studio Version 17
VisualStudioVersion = 17.7.34003.232
MinimumVisualStudioVersion = 10.0.40219.1
Project("{FAE04EC0-301F-11D3-BF4B-00C04F79EFBC}") = "Lab1HealthClub", "Lab1HealthClub\Lab1HealthClub.csproj", "{1479FDF3-E17D-4744-A683-4ADBC06E7B19}"
EndProject
Global
	GlobalSection(SolutionConfigurationPlatforms) = preSolution
		Debug|Any CPU = Debug|Any CPU
		Release|Any CPU = Release|Any CPU
	EndGlobalSection
	GlobalSection(ProjectConfigurationPlatforms) = postSolution
		{1479FDF3-E17D-4744-A683-4ADBC06E7B19}.Debug|Any CPU.ActiveCfg = Debug|Any CPU
		{1479FDF3-E17D-4744-A683-4ADBC06E7B19}.Debug|Any CPU.Build.0 = Debug|Any CPU
		{1479FDF3-E17D-4744-A683-4ADBC06E7B19}.Release|Any CPU.ActiveCfg = Release|Any CPU
		{1479FDF3-E17D-4744-A683-4ADBC06E7B19}.Release|Any CPU.Build.0 = Release|Any CPU
	EndGlobalSection
	GlobalSection(SolutionProperties) = preSolution
		HideSolutionNode = FALSE
	EndGlobalSection
	GlobalSection(ExtensibilityGlobals) = postSolution
		SolutionGuid = {BA8527AB-D415-4A07-AFB7-3012E8044907}
	EndGlobalSection
EndGlobal
